
Microsoft Visual Studio Solution File, Format Version 12.00
# Visual Studio Version 17
VisualStudioVersion = 17.7.34018.315
MinimumVisualStudioVersion = 10.0.40219.1
Project("{FAE04EC0-301F-11D3-BF4B-00C04F79EFBC}") = "R4Y7U", "R4Y7U.csproj", "{4AAE3BFB-054D-448A-84C6-E73A81DB3A42}"
EndProject
Global
	GlobalSection(SolutionConfigurationPlatforms) = preSolution
		Debug|Any CPU = Debug|Any CPU
		Release|Any CPU = Release|Any CPU
	EndGlobalSection
	GlobalSection(ProjectConfigurationPlatforms) = postSolution
		{4AAE3BFB-054D-448A-84C6-E73A81DB3A42}.Debug|Any CPU.ActiveCfg = Debug|Any CPU
		{4AAE3BFB-054D-448A-84C6-E73A81DB3A42}.Debug|Any CPU.Build.0 = Debug|Any CPU
		{4AAE3BFB-054D-448A-84C6-E73A81DB3A42}.Release|Any CPU.ActiveCfg = Release|Any CPU
		{4AAE3BFB-054D-448A-84C6-E73A81DB3A42}.Release|Any CPU.Build.0 = Release|Any CPU
	EndGlobalSection
	GlobalSection(SolutionProperties) = preSolution
		HideSolutionNode = FALSE
	EndGlobalSection
	GlobalSection(ExtensibilityGlobals) = postSolution
		SolutionGuid = {C6B6C62D-3BFB-4386-97A2-ECE482DB9A01}
	EndGlobalSection
EndGlobal
